
Microsoft Visual Studio Solution File, Format Version 12.00
Project("{2150E333-8FDC-42A3-9474-1A3956D46DE8}") = "src", "src", "{B9AC20A4-D20A-4AA7-B1B7-AD03BD24F7B9}"
EndProject
Project("{FAE04EC0-301F-11D3-BF4B-00C04F79EFBC}") = "PainlessString", "src\PainlessString\PainlessString.csproj", "{52878AF1-3FAD-4F30-A4EF-FA9265CE522E}"
EndProject
Project("{2150E333-8FDC-42A3-9474-1A3956D46DE8}") = "test", "test", "{2DE4EF98-B3F5-4CD1-86E1-AE957AE09F01}"
EndProject
Project("{FAE04EC0-301F-11D3-BF4B-00C04F79EFBC}") = "Test", "test\Test\Test.csproj", "{ED63B860-737B-471A-A06D-BF1AF14B3325}"
EndProject
Project("{FAE04EC0-301F-11D3-BF4B-00C04F79EFBC}") = "StringBenchmark", "src\StringBenchmark\StringBenchmark.csproj", "{565D921E-84C4-4230-9F13-B6B93930DAB6}"
EndProject
Global
	GlobalSection(SolutionConfigurationPlatforms) = preSolution
		Debug|Any CPU = Debug|Any CPU
		Release|Any CPU = Release|Any CPU
	EndGlobalSection
	GlobalSection(NestedProjects) = preSolution
		{52878AF1-3FAD-4F30-A4EF-FA9265CE522E} = {B9AC20A4-D20A-4AA7-B1B7-AD03BD24F7B9}
		{ED63B860-737B-471A-A06D-BF1AF14B3325} = {2DE4EF98-B3F5-4CD1-86E1-AE957AE09F01}
		{565D921E-84C4-4230-9F13-B6B93930DAB6} = {B9AC20A4-D20A-4AA7-B1B7-AD03BD24F7B9}
	EndGlobalSection
	GlobalSection(ProjectConfigurationPlatforms) = postSolution
		{52878AF1-3FAD-4F30-A4EF-FA9265CE522E}.Debug|Any CPU.ActiveCfg = Debug|Any CPU
		{52878AF1-3FAD-4F30-A4EF-FA9265CE522E}.Debug|Any CPU.Build.0 = Debug|Any CPU
		{52878AF1-3FAD-4F30-A4EF-FA9265CE522E}.Release|Any CPU.ActiveCfg = Release|Any CPU
		{52878AF1-3FAD-4F30-A4EF-FA9265CE522E}.Release|Any CPU.Build.0 = Release|Any CPU
		{ED63B860-737B-471A-A06D-BF1AF14B3325}.Debug|Any CPU.ActiveCfg = Debug|Any CPU
		{ED63B860-737B-471A-A06D-BF1AF14B3325}.Debug|Any CPU.Build.0 = Debug|Any CPU
		{ED63B860-737B-471A-A06D-BF1AF14B3325}.Release|Any CPU.ActiveCfg = Release|Any CPU
		{ED63B860-737B-471A-A06D-BF1AF14B3325}.Release|Any CPU.Build.0 = Release|Any CPU
		{565D921E-84C4-4230-9F13-B6B93930DAB6}.Debug|Any CPU.ActiveCfg = Debug|Any CPU
		{565D921E-84C4-4230-9F13-B6B93930DAB6}.Debug|Any CPU.Build.0 = Debug|Any CPU
		{565D921E-84C4-4230-9F13-B6B93930DAB6}.Release|Any CPU.ActiveCfg = Release|Any CPU
		{565D921E-84C4-4230-9F13-B6B93930DAB6}.Release|Any CPU.Build.0 = Release|Any CPU
	EndGlobalSection
EndGlobal
